
Microsoft Visual Studio Solution File, Format Version 12.00
# Visual Studio Version 16
VisualStudioVersion = 16.0.30907.101
MinimumVisualStudioVersion = 10.0.40219.1
Project("{FAE04EC0-301F-11D3-BF4B-00C04F79EFBC}") = "ClassLibrary1", "ClassLibrary1\ClassLibrary1.csproj", "{0D60C02B-6ED3-4E99-9F3F-0A7F903F7D83}"
EndProject
Global
	GlobalSection(SolutionConfigurationPlatforms) = preSolution
		Debug|Any CPU = Debug|Any CPU
		Release|Any CPU = Release|Any CPU
	EndGlobalSection
	GlobalSection(ProjectConfigurationPlatforms) = postSolution
		{0D60C02B-6ED3-4E99-9F3F-0A7F903F7D83}.Debug|Any CPU.ActiveCfg = Debug|Any CPU
		{0D60C02B-6ED3-4E99-9F3F-0A7F903F7D83}.Debug|Any CPU.Build.0 = Debug|Any CPU
		{0D60C02B-6ED3-4E99-9F3F-0A7F903F7D83}.Release|Any CPU.ActiveCfg = Release|Any CPU
		{0D60C02B-6ED3-4E99-9F3F-0A7F903F7D83}.Release|Any CPU.Build.0 = Release|Any CPU
	EndGlobalSection
	GlobalSection(SolutionProperties) = preSolution
		HideSolutionNode = FALSE
	EndGlobalSection
	GlobalSection(ExtensibilityGlobals) = postSolution
		SolutionGuid = {863C2151-408F-442A-ADE7-07C7CF73263F}
	EndGlobalSection
EndGlobal
